{
  "name": "lambda-function",
  "version": "1.0.0",
  "lockfileVersion": 3,
  "requires": true,
  "description": "Lambda function for sending emails",
  "license": "ISC",
  "main": "index.mjs",
  "type": "module",
  "packages": {
    "": {
      "name": "lambda-function",
      "version": "1.0.0",
      "dependencies": {
        "nodemailer": "^6.9.3"
      }
    },
    "node_modules/nodemailer": {
      "version": "6.9.15",
      "integrity": "sha512-AHf04ySLC6CIfuRtRiEYtGEXgRfa6INgWGluDhnxTZhHSKvrBu7lc1VVchQ0d8nPc4cFaZoPq8vkyNoZr0TpGQ==",
      "engines": {
        "node": ">=6.0.0"
      }
    }
  },
  "scripts": {
    "test": "echo \"Error: no test specified\" && exit 1"
  }
}
